
Microsoft Visual Studio Solution File, Format Version 12.00
# Visual Studio Version 16
VisualStudioVersion = 16.0.32510.428
MinimumVisualStudioVersion = 10.0.40219.1
Project("{FAE04EC0-301F-11D3-BF4B-00C04F79EFBC}") = "MockDataGenerator", "MockDataGenerator\MockDataGenerator.csproj", "{81988D62-6593-4346-9EDB-C5520B09AE19}"
EndProject
Global
	GlobalSection(SolutionConfigurationPlatforms) = preSolution
		Debug|Any CPU = Debug|Any CPU
		Release|Any CPU = Release|Any CPU
	EndGlobalSection
	GlobalSection(ProjectConfigurationPlatforms) = postSolution
		{81988D62-6593-4346-9EDB-C5520B09AE19}.Debug|Any CPU.ActiveCfg = Debug|Any CPU
		{81988D62-6593-4346-9EDB-C5520B09AE19}.Debug|Any CPU.Build.0 = Debug|Any CPU
		{81988D62-6593-4346-9EDB-C5520B09AE19}.Release|Any CPU.ActiveCfg = Release|Any CPU
		{81988D62-6593-4346-9EDB-C5520B09AE19}.Release|Any CPU.Build.0 = Release|Any CPU
	EndGlobalSection
	GlobalSection(SolutionProperties) = preSolution
		HideSolutionNode = FALSE
	EndGlobalSection
	GlobalSection(ExtensibilityGlobals) = postSolution
		SolutionGuid = {8FB707A0-E234-40C9-AF00-2FA91A116E9D}
	EndGlobalSection
EndGlobal
